
Microsoft Visual Studio Solution File, Format Version 12.00
# Visual Studio Version 16
VisualStudioVersion = 16.0.29123.88
MinimumVisualStudioVersion = 10.0.40219.1
Project("{FAE04EC0-301F-11D3-BF4B-00C04F79EFBC}") = "Aula_12_08_2019", "Aula_12_08_2019.csproj", "{B7BE5C60-42C4-47A9-A9A0-479696684FD2}"
EndProject
Global
	GlobalSection(SolutionConfigurationPlatforms) = preSolution
		Debug|Any CPU = Debug|Any CPU
		Release|Any CPU = Release|Any CPU
	EndGlobalSection
	GlobalSection(ProjectConfigurationPlatforms) = postSolution
		{B7BE5C60-42C4-47A9-A9A0-479696684FD2}.Debug|Any CPU.ActiveCfg = Debug|Any CPU
		{B7BE5C60-42C4-47A9-A9A0-479696684FD2}.Debug|Any CPU.Build.0 = Debug|Any CPU
		{B7BE5C60-42C4-47A9-A9A0-479696684FD2}.Release|Any CPU.ActiveCfg = Release|Any CPU
		{B7BE5C60-42C4-47A9-A9A0-479696684FD2}.Release|Any CPU.Build.0 = Release|Any CPU
	EndGlobalSection
	GlobalSection(SolutionProperties) = preSolution
		HideSolutionNode = FALSE
	EndGlobalSection
	GlobalSection(ExtensibilityGlobals) = postSolution
		SolutionGuid = {C9CE8123-AA61-4D2F-B78F-256BE099D8AC}
	EndGlobalSection
EndGlobal
